
Microsoft Visual Studio Solution File, Format Version 12.00
# Visual Studio 15
VisualStudioVersion = 15.0.26730.0
MinimumVisualStudioVersion = 10.0.40219.1
Project("{FAE04EC0-301F-11D3-BF4B-00C04F79EFBC}") = "adsb-interpreter", "adsb-interpreter\adsb-interpreter.csproj", "{48239752-2EC4-4470-8CE0-B260B3B0321F}"
EndProject
Global
	GlobalSection(SolutionConfigurationPlatforms) = preSolution
		Debug|Any CPU = Debug|Any CPU
		Release|Any CPU = Release|Any CPU
	EndGlobalSection
	GlobalSection(ProjectConfigurationPlatforms) = postSolution
		{48239752-2EC4-4470-8CE0-B260B3B0321F}.Debug|Any CPU.ActiveCfg = Debug|Any CPU
		{48239752-2EC4-4470-8CE0-B260B3B0321F}.Debug|Any CPU.Build.0 = Debug|Any CPU
		{48239752-2EC4-4470-8CE0-B260B3B0321F}.Release|Any CPU.ActiveCfg = Release|Any CPU
		{48239752-2EC4-4470-8CE0-B260B3B0321F}.Release|Any CPU.Build.0 = Release|Any CPU
	EndGlobalSection
	GlobalSection(SolutionProperties) = preSolution
		HideSolutionNode = FALSE
	EndGlobalSection
	GlobalSection(ExtensibilityGlobals) = postSolution
		SolutionGuid = {DC017BA2-D06B-47DF-8296-9E2840BFC063}
	EndGlobalSection
EndGlobal
